
Microsoft Visual Studio Solution File, Format Version 12.00
# Visual Studio Version 17
VisualStudioVersion = 17.13.35828.75 d17.13
MinimumVisualStudioVersion = 10.0.40219.1
Project("{FAE04EC0-301F-11D3-BF4B-00C04F79EFBC}") = "Kr1", "Kr1\Kr1.csproj", "{A12FECF2-AE7E-4838-B036-9A2801FA388D}"
EndProject
Global
	GlobalSection(SolutionConfigurationPlatforms) = preSolution
		Debug|Any CPU = Debug|Any CPU
		Release|Any CPU = Release|Any CPU
	EndGlobalSection
	GlobalSection(ProjectConfigurationPlatforms) = postSolution
		{A12FECF2-AE7E-4838-B036-9A2801FA388D}.Debug|Any CPU.ActiveCfg = Debug|Any CPU
		{A12FECF2-AE7E-4838-B036-9A2801FA388D}.Debug|Any CPU.Build.0 = Debug|Any CPU
		{A12FECF2-AE7E-4838-B036-9A2801FA388D}.Release|Any CPU.ActiveCfg = Release|Any CPU
		{A12FECF2-AE7E-4838-B036-9A2801FA388D}.Release|Any CPU.Build.0 = Release|Any CPU
	EndGlobalSection
	GlobalSection(SolutionProperties) = preSolution
		HideSolutionNode = FALSE
	EndGlobalSection
	GlobalSection(ExtensibilityGlobals) = postSolution
		SolutionGuid = {74455A5A-73C2-42AB-A429-D4897EC7B55D}
	EndGlobalSection
EndGlobal
